
Microsoft Visual Studio Solution File, Format Version 12.00
# Visual Studio Version 16
VisualStudioVersion = 16.0.29609.76
MinimumVisualStudioVersion = 10.0.40219.1
Project("{9A19103F-16F7-4668-BE54-9A1E7A4F7556}") = "Business.Data", "Business.Data\Business.Data.csproj", "{ED0EBFC9-B83B-40EF-A686-A343EAF15E7F}"
EndProject
Project("{2150E333-8FDC-42A3-9474-1A3956D46DE8}") = "Solution Items", "Solution Items", "{C9F9DEC9-B899-41D4-BF03-03CA3C058BEE}"
	ProjectSection(SolutionItems) = preProject
		LICENSE = LICENSE
		README.md = README.md
		readme.txt = readme.txt
	EndProjectSection
EndProject
Global
	GlobalSection(SolutionConfigurationPlatforms) = preSolution
		Debug|Any CPU = Debug|Any CPU
		Release|Any CPU = Release|Any CPU
	EndGlobalSection
	GlobalSection(ProjectConfigurationPlatforms) = postSolution
		{ED0EBFC9-B83B-40EF-A686-A343EAF15E7F}.Debug|Any CPU.ActiveCfg = Debug|Any CPU
		{ED0EBFC9-B83B-40EF-A686-A343EAF15E7F}.Debug|Any CPU.Build.0 = Debug|Any CPU
		{ED0EBFC9-B83B-40EF-A686-A343EAF15E7F}.Release|Any CPU.ActiveCfg = Release|Any CPU
		{ED0EBFC9-B83B-40EF-A686-A343EAF15E7F}.Release|Any CPU.Build.0 = Release|Any CPU
	EndGlobalSection
	GlobalSection(SolutionProperties) = preSolution
		HideSolutionNode = FALSE
	EndGlobalSection
	GlobalSection(ExtensibilityGlobals) = postSolution
		SolutionGuid = {4AD828FE-451F-44D9-AFE1-B04C303E7513}
	EndGlobalSection
EndGlobal
